
Microsoft Visual Studio Solution File, Format Version 12.00
# Visual Studio Version 17
VisualStudioVersion = 17.7.34221.43
MinimumVisualStudioVersion = 10.0.40219.1
Project("{FAE04EC0-301F-11D3-BF4B-00C04F79EFBC}") = "MauiProject1", "MauiProject1\MauiProject1.csproj", "{CE8DF478-5A52-4666-897A-C24C05CF8B81}"
EndProject
Global
	GlobalSection(SolutionConfigurationPlatforms) = preSolution
		Debug|Any CPU = Debug|Any CPU
		Release|Any CPU = Release|Any CPU
	EndGlobalSection
	GlobalSection(ProjectConfigurationPlatforms) = postSolution
		{CE8DF478-5A52-4666-897A-C24C05CF8B81}.Debug|Any CPU.ActiveCfg = Debug|Any CPU
		{CE8DF478-5A52-4666-897A-C24C05CF8B81}.Debug|Any CPU.Build.0 = Debug|Any CPU
		{CE8DF478-5A52-4666-897A-C24C05CF8B81}.Debug|Any CPU.Deploy.0 = Debug|Any CPU
		{CE8DF478-5A52-4666-897A-C24C05CF8B81}.Release|Any CPU.ActiveCfg = Release|Any CPU
		{CE8DF478-5A52-4666-897A-C24C05CF8B81}.Release|Any CPU.Build.0 = Release|Any CPU
		{CE8DF478-5A52-4666-897A-C24C05CF8B81}.Release|Any CPU.Deploy.0 = Release|Any CPU
	EndGlobalSection
	GlobalSection(SolutionProperties) = preSolution
		HideSolutionNode = FALSE
	EndGlobalSection
	GlobalSection(ExtensibilityGlobals) = postSolution
		SolutionGuid = {B43CB2C3-757F-4DBC-8272-0ECBD02A69B6}
	EndGlobalSection
EndGlobal
